
Microsoft Visual Studio Solution File, Format Version 12.00
# Visual Studio 14
VisualStudioVersion = 14.0.25420.1
MinimumVisualStudioVersion = 10.0.40219.1
Project("{FAE04EC0-301F-11D3-BF4B-00C04F79EFBC}") = "QJ_FileCenter", "QJFileSenter\QJ_FileCenter.csproj", "{DBE03EEC-C167-4381-AE63-7F04C60CB6C8}"
EndProject
Project("{FAE04EC0-301F-11D3-BF4B-00C04F79EFBC}") = "QJFile.Data", "QJ_FileData\QJFile.Data.csproj", "{C761095A-EDFB-4DD4-AE5A-643678A131EA}"
EndProject
Global
	GlobalSection(SolutionConfigurationPlatforms) = preSolution
		Debug|Any CPU = Debug|Any CPU
		Debug|x86 = Debug|x86
		Release|Any CPU = Release|Any CPU
		Release|x86 = Release|x86
	EndGlobalSection
	GlobalSection(ProjectConfigurationPlatforms) = postSolution
		{DBE03EEC-C167-4381-AE63-7F04C60CB6C8}.Debug|Any CPU.ActiveCfg = Debug|Any CPU
		{DBE03EEC-C167-4381-AE63-7F04C60CB6C8}.Debug|Any CPU.Build.0 = Debug|Any CPU
		{DBE03EEC-C167-4381-AE63-7F04C60CB6C8}.Debug|x86.ActiveCfg = Debug|x86
		{DBE03EEC-C167-4381-AE63-7F04C60CB6C8}.Debug|x86.Build.0 = Debug|x86
		{DBE03EEC-C167-4381-AE63-7F04C60CB6C8}.Release|Any CPU.ActiveCfg = Release|Any CPU
		{DBE03EEC-C167-4381-AE63-7F04C60CB6C8}.Release|Any CPU.Build.0 = Release|Any CPU
		{DBE03EEC-C167-4381-AE63-7F04C60CB6C8}.Release|x86.ActiveCfg = Release|x86
		{DBE03EEC-C167-4381-AE63-7F04C60CB6C8}.Release|x86.Build.0 = Release|x86
		{C761095A-EDFB-4DD4-AE5A-643678A131EA}.Debug|Any CPU.ActiveCfg = Debug|Any CPU
		{C761095A-EDFB-4DD4-AE5A-643678A131EA}.Debug|Any CPU.Build.0 = Debug|Any CPU
		{C761095A-EDFB-4DD4-AE5A-643678A131EA}.Debug|x86.ActiveCfg = Debug|Any CPU
		{C761095A-EDFB-4DD4-AE5A-643678A131EA}.Debug|x86.Build.0 = Debug|Any CPU
		{C761095A-EDFB-4DD4-AE5A-643678A131EA}.Release|Any CPU.ActiveCfg = Release|Any CPU
		{C761095A-EDFB-4DD4-AE5A-643678A131EA}.Release|Any CPU.Build.0 = Release|Any CPU
		{C761095A-EDFB-4DD4-AE5A-643678A131EA}.Release|x86.ActiveCfg = Release|Any CPU
		{C761095A-EDFB-4DD4-AE5A-643678A131EA}.Release|x86.Build.0 = Release|Any CPU
	EndGlobalSection
	GlobalSection(SolutionProperties) = preSolution
		HideSolutionNode = FALSE
	EndGlobalSection
EndGlobal
